
Microsoft Visual Studio Solution File, Format Version 12.00
# Visual Studio Version 17
VisualStudioVersion = 17.11.35327.3
MinimumVisualStudioVersion = 10.0.40219.1
Project("{FAE04EC0-301F-11D3-BF4B-00C04F79EFBC}") = "DebtManagementApp", "DebtManagementApp\DebtManagementApp.csproj", "{9AC4DDEE-4354-4328-94C2-9071FDCF0DA4}"
EndProject
Global
	GlobalSection(SolutionConfigurationPlatforms) = preSolution
		Debug|Any CPU = Debug|Any CPU
		Release|Any CPU = Release|Any CPU
	EndGlobalSection
	GlobalSection(ProjectConfigurationPlatforms) = postSolution
		{9AC4DDEE-4354-4328-94C2-9071FDCF0DA4}.Debug|Any CPU.ActiveCfg = Debug|Any CPU
		{9AC4DDEE-4354-4328-94C2-9071FDCF0DA4}.Debug|Any CPU.Build.0 = Debug|Any CPU
		{9AC4DDEE-4354-4328-94C2-9071FDCF0DA4}.Release|Any CPU.ActiveCfg = Release|Any CPU
		{9AC4DDEE-4354-4328-94C2-9071FDCF0DA4}.Release|Any CPU.Build.0 = Release|Any CPU
	EndGlobalSection
	GlobalSection(SolutionProperties) = preSolution
		HideSolutionNode = FALSE
	EndGlobalSection
	GlobalSection(ExtensibilityGlobals) = postSolution
		SolutionGuid = {2855F43B-7B56-402B-B121-A5DCB4F2F2CF}
	EndGlobalSection
EndGlobal
